// !$*UTF8*$!
{
	archiveVersion = 1;
	classes = {
	};
	objectVersion = 50;
	objects = {

/* Begin PBXBuildFile section */
		A057304D264C53B2007AB691 /* LandmarksApp.swift in Sources */ = {isa = PBXBuildFile; fileRef = A057304C264C53B2007AB691 /* LandmarksApp.swift */; };
		A057304F264C53B2007AB691 /* ContentView.swift in Sources */ = {isa = PBXBuildFile; fileRef = A057304E264C53B2007AB691 /* ContentView.swift */; };
		A0573051264C53B7007AB691 /* Assets.xcassets in Resources */ = {isa = PBXBuildFile; fileRef = A0573050264C53B7007AB691 /* Assets.xcassets */; };
		A0573054264C53B7007AB691 /* Preview Assets.xcassets in Resources */ = {isa = PBXBuildFile; fileRef = A0573053264C53B7007AB691 /* Preview Assets.xcassets */; };
		A057305D264CF103007AB691 /* CircleImage.swift in Sources */ = {isa = PBXBuildFile; fileRef = A057305C264CF103007AB691 /* CircleImage.swift */; };
		A0573061264CF295007AB691 /* MapView.swift in Sources */ = {isa = PBXBuildFile; fileRef = A0573060264CF295007AB691 /* MapView.swift */; };
		A0573064264D2AB0007AB691 /* landmarkData.json in Resources */ = {isa = PBXBuildFile; fileRef = A0573063264D2AB0007AB691 /* landmarkData.json */; };
		A0573067264D2ADD007AB691 /* Landmark.swift in Sources */ = {isa = PBXBuildFile; fileRef = A0573066264D2ADD007AB691 /* Landmark.swift */; };
		A057306A264D2D9F007AB691 /* ModelData.swift in Sources */ = {isa = PBXBuildFile; fileRef = A0573069264D2D9F007AB691 /* ModelData.swift */; };
		A0573074264D4309007AB691 /* LandmarkRow.swift in Sources */ = {isa = PBXBuildFile; fileRef = A0573073264D4309007AB691 /* LandmarkRow.swift */; };
		A0573078264D44DB007AB691 /* LandmarkList.swift in Sources */ = {isa = PBXBuildFile; fileRef = A0573077264D44DB007AB691 /* LandmarkList.swift */; };
		A057307B264D622A007AB691 /* LandmarkDetail.swift in Sources */ = {isa = PBXBuildFile; fileRef = A057307A264D622A007AB691 /* LandmarkDetail.swift */; };
		A0573083264D8919007AB691 /* FavoriteButton.swift in Sources */ = {isa = PBXBuildFile; fileRef = A0573082264D8919007AB691 /* FavoriteButton.swift */; };
/* End PBXBuildFile section */

/* Begin PBXFileReference section */
		A0573049264C53B2007AB691 /* Landmarks.app */ = {isa = PBXFileReference; explicitFileType = wrapper.application; includeInIndex = 0; path = Landmarks.app; sourceTree = BUILT_PRODUCTS_DIR; };
		A057304C264C53B2007AB691 /* LandmarksApp.swift */ = {isa = PBXFileReference; lastKnownFileType = sourcecode.swift; path = LandmarksApp.swift; sourceTree = "<group>"; };
		A057304E264C53B2007AB691 /* ContentView.swift */ = {isa = PBXFileReference; lastKnownFileType = sourcecode.swift; path = ContentView.swift; sourceTree = "<group>"; };
		A0573050264C53B7007AB691 /* Assets.xcassets */ = {isa = PBXFileReference; lastKnownFileType = folder.assetcatalog; path = Assets.xcassets; sourceTree = "<group>"; };
		A0573053264C53B7007AB691 /* Preview Assets.xcassets */ = {isa = PBXFileReference; lastKnownFileType = folder.assetcatalog; path = "Preview Assets.xcassets"; sourceTree = "<group>"; };
		A0573055264C53B7007AB691 /* Info.plist */ = {isa = PBXFileReference; lastKnownFileType = text.plist.xml; path = Info.plist; sourceTree = "<group>"; };
		A057305C264CF103007AB691 /* CircleImage.swift */ = {isa = PBXFileReference; lastKnownFileType = sourcecode.swift; path = CircleImage.swift; sourceTree = "<group>"; };
		A0573060264CF295007AB691 /* MapView.swift */ = {isa = PBXFileReference; lastKnownFileType = sourcecode.swift; path = MapView.swift; sourceTree = "<group>"; };
		A0573063264D2AB0007AB691 /* landmarkData.json */ = {isa = PBXFileReference; fileEncoding = 4; lastKnownFileType = text.json; path = landmarkData.json; sourceTree = "<group>"; };
		A0573066264D2ADD007AB691 /* Landmark.swift */ = {isa = PBXFileReference; lastKnownFileType = sourcecode.swift; path = Landmark.swift; sourceTree = "<group>"; };
		A0573069264D2D9F007AB691 /* ModelData.swift */ = {isa = PBXFileReference; lastKnownFileType = sourcecode.swift; path = ModelData.swift; sourceTree = "<group>"; };
		A0573073264D4309007AB691 /* LandmarkRow.swift */ = {isa = PBXFileReference; lastKnownFileType = sourcecode.swift; path = LandmarkRow.swift; sourceTree = "<group>"; };
		A0573077264D44DB007AB691 /* LandmarkList.swift */ = {isa = PBXFileReference; lastKnownFileType = sourcecode.swift; path = LandmarkList.swift; sourceTree = "<group>"; };
		A057307A264D622A007AB691 /* LandmarkDetail.swift */ = {isa = PBXFileReference; lastKnownFileType = sourcecode.swift; path = LandmarkDetail.swift; sourceTree = "<group>"; };
		A0573082264D8919007AB691 /* FavoriteButton.swift */ = {isa = PBXFileReference; lastKnownFileType = sourcecode.swift; path = FavoriteButton.swift; sourceTree = "<group>"; };
/* End PBXFileReference section */

/* Begin PBXFrameworksBuildPhase section */
		A0573046264C53B2007AB691 /* Frameworks */ = {
			isa = PBXFrameworksBuildPhase;
			buildActionMask = 2147483647;
			files = (
			);
			runOnlyForDeploymentPostprocessing = 0;
		};
/* End PBXFrameworksBuildPhase section */

/* Begin PBXGroup section */
		A0573040264C53B2007AB691 = {
			isa = PBXGroup;
			children = (
				A057304B264C53B2007AB691 /* Landmarks */,
				A057304A264C53B2007AB691 /* Products */,
			);
			sourceTree = "<group>";
		};
		A057304A264C53B2007AB691 /* Products */ = {
			isa = PBXGroup;
			children = (
				A0573049264C53B2007AB691 /* Landmarks.app */,
			);
			name = Products;
			sourceTree = "<group>";
		};
		A057304B264C53B2007AB691 /* Landmarks */ = {
			isa = PBXGroup;
			children = (
				A057304C264C53B2007AB691 /* LandmarksApp.swift */,
				A057306D264D35BD007AB691 /* Views */,
				A057306F264D35D6007AB691 /* Resources */,
				A0573072264D361C007AB691 /* Models */,
				A0573050264C53B7007AB691 /* Assets.xcassets */,
				A0573055264C53B7007AB691 /* Info.plist */,
				A0573052264C53B7007AB691 /* Preview Content */,
			);
			path = Landmarks;
			sourceTree = "<group>";
		};
		A0573052264C53B7007AB691 /* Preview Content */ = {
			isa = PBXGroup;
			children = (
				A0573053264C53B7007AB691 /* Preview Assets.xcassets */,
			);
			path = "Preview Content";
			sourceTree = "<group>";
		};
		A057306D264D35BD007AB691 /* Views */ = {
			isa = PBXGroup;
			children = (
				A057304E264C53B2007AB691 /* ContentView.swift */,
				A0573085264D8AB0007AB691 /* Helpers */,
				A0573086264D8AC5007AB691 /* Landmarks */,
			);
			path = Views;
			sourceTree = "<group>";
		};
		A057306F264D35D6007AB691 /* Resources */ = {
			isa = PBXGroup;
			children = (
				A0573063264D2AB0007AB691 /* landmarkData.json */,
			);
			path = Resources;
			sourceTree = "<group>";
		};
		A0573072264D361C007AB691 /* Models */ = {
			isa = PBXGroup;
			children = (
				A0573069264D2D9F007AB691 /* ModelData.swift */,
				A0573066264D2ADD007AB691 /* Landmark.swift */,
			);
			path = Models;
			sourceTree = "<group>";
		};
		A0573085264D8AB0007AB691 /* Helpers */ = {
			isa = PBXGroup;
			children = (
				A057305C264CF103007AB691 /* CircleImage.swift */,
				A0573060264CF295007AB691 /* MapView.swift */,
				A0573082264D8919007AB691 /* FavoriteButton.swift */,
			);
			path = Helpers;
			sourceTree = "<group>";
		};
		A0573086264D8AC5007AB691 /* Landmarks */ = {
			isa = PBXGroup;
			children = (
				A0573073264D4309007AB691 /* LandmarkRow.swift */,
				A0573077264D44DB007AB691 /* LandmarkList.swift */,
				A057307A264D622A007AB691 /* LandmarkDetail.swift */,
			);
			path = Landmarks;
			sourceTree = "<group>";
		};
/* End PBXGroup section */

/* Begin PBXNativeTarget section */
		A0573048264C53B2007AB691 /* Landmarks */ = {
			isa = PBXNativeTarget;
			buildConfigurationList = A0573058264C53B7007AB691 /* Build configuration list for PBXNativeTarget "Landmarks" */;
			buildPhases = (
				A0573045264C53B2007AB691 /* Sources */,
				A0573046264C53B2007AB691 /* Frameworks */,
				A0573047264C53B2007AB691 /* Resources */,
			);
			buildRules = (
			);
			dependencies = (
			);
			name = Landmarks;
			productName = Landmarks;
			productReference = A0573049264C53B2007AB691 /* Landmarks.app */;
			productType = "com.apple.product-type.application";
		};
/* End PBXNativeTarget section */

/* Begin PBXProject section */
		A0573041264C53B2007AB691 /* Project object */ = {
			isa = PBXProject;
			attributes = {
				LastSwiftUpdateCheck = 1240;
				LastUpgradeCheck = 1240;
				TargetAttributes = {
					A0573048264C53B2007AB691 = {
						CreatedOnToolsVersion = 12.4;
					};
				};
			};
			buildConfigurationList = A0573044264C53B2007AB691 /* Build configuration list for PBXProject "Landmarks" */;
			compatibilityVersion = "Xcode 9.3";
			developmentRegion = en;
			hasScannedForEncodings = 0;
			knownRegions = (
				en,
				Base,
			);
			mainGroup = A0573040264C53B2007AB691;
			productRefGroup = A057304A264C53B2007AB691 /* Products */;
			projectDirPath = "";
			projectRoot = "";
			targets = (
				A0573048264C53B2007AB691 /* Landmarks */,
			);
		};
/* End PBXProject section */

/* Begin PBXResourcesBuildPhase section */
		A0573047264C53B2007AB691 /* Resources */ = {
			isa = PBXResourcesBuildPhase;
			buildActionMask = 2147483647;
			files = (
				A0573054264C53B7007AB691 /* Preview Assets.xcassets in Resources */,
				A0573051264C53B7007AB691 /* Assets.xcassets in Resources */,
				A0573064264D2AB0007AB691 /* landmarkData.json in Resources */,
			);
			runOnlyForDeploymentPostprocessing = 0;
		};
/* End PBXResourcesBuildPhase section */

/* Begin PBXSourcesBuildPhase section */
		A0573045264C53B2007AB691 /* Sources */ = {
			isa = PBXSourcesBuildPhase;
			buildActionMask = 2147483647;
			files = (
				A057304F264C53B2007AB691 /* ContentView.swift in Sources */,
				A0573067264D2ADD007AB691 /* Landmark.swift in Sources */,
				A0573061264CF295007AB691 /* MapView.swift in Sources */,
				A0573083264D8919007AB691 /* FavoriteButton.swift in Sources */,
				A0573078264D44DB007AB691 /* LandmarkList.swift in Sources */,
				A057307B264D622A007AB691 /* LandmarkDetail.swift in Sources */,
				A057304D264C53B2007AB691 /* LandmarksApp.swift in Sources */,
				A057305D264CF103007AB691 /* CircleImage.swift in Sources */,
				A0573074264D4309007AB691 /* LandmarkRow.swift in Sources */,
				A057306A264D2D9F007AB691 /* ModelData.swift in Sources */,
			);
			runOnlyForDeploymentPostprocessing = 0;
		};
/* End PBXSourcesBuildPhase section */

/* Begin XCBuildConfiguration section */
		A0573056264C53B7007AB691 /* Debug */ = {
			isa = XCBuildConfiguration;
			buildSettings = {
				ALWAYS_SEARCH_USER_PATHS = NO;
				CLANG_ANALYZER_NONNULL = YES;
				CLANG_ANALYZER_NUMBER_OBJECT_CONVERSION = YES_AGGRESSIVE;
				CLANG_CXX_LANGUAGE_STANDARD = "gnu++14";
				CLANG_CXX_LIBRARY = "libc++";
				CLANG_ENABLE_MODULES = YES;
				CLANG_ENABLE_OBJC_ARC = YES;
				CLANG_ENABLE_OBJC_WEAK = YES;
				CLANG_WARN_BLOCK_CAPTURE_AUTORELEASING = YES;
				CLANG_WARN_BOOL_CONVERSION = YES;
				CLANG_WARN_COMMA = YES;
				CLANG_WARN_CONSTANT_CONVERSION = YES;
				CLANG_WARN_DEPRECATED_OBJC_IMPLEMENTATIONS = YES;
				CLANG_WARN_DIRECT_OBJC_ISA_USAGE = YES_ERROR;
				CLANG_WARN_DOCUMENTATION_COMMENTS = YES;
				CLANG_WARN_EMPTY_BODY = YES;
				CLANG_WARN_ENUM_CONVERSION = YES;
				CLANG_WARN_INFINITE_RECURSION = YES;
				CLANG_WARN_INT_CONVERSION = YES;
				CLANG_WARN_NON_LITERAL_NULL_CONVERSION = YES;
				CLANG_WARN_OBJC_IMPLICIT_RETAIN_SELF = YES;
				CLANG_WARN_OBJC_LITERAL_CONVERSION = YES;
				CLANG_WARN_OBJC_ROOT_CLASS = YES_ERROR;
				CLANG_WARN_QUOTED_INCLUDE_IN_FRAMEWORK_HEADER = YES;
				CLANG_WARN_RANGE_LOOP_ANALYSIS = YES;
				CLANG_WARN_STRICT_PROTOTYPES = YES;
				CLANG_WARN_SUSPICIOUS_MOVE = YES;
				CLANG_WARN_UNGUARDED_AVAILABILITY = YES_AGGRESSIVE;
				CLANG_WARN_UNREACHABLE_CODE = YES;
				CLANG_WARN__DUPLICATE_METHOD_MATCH = YES;
				COPY_PHASE_STRIP = NO;
				DEBUG_INFORMATION_FORMAT = dwarf;
				ENABLE_STRICT_OBJC_MSGSEND = YES;
				ENABLE_TESTABILITY = YES;
				GCC_C_LANGUAGE_STANDARD = gnu11;
				GCC_DYNAMIC_NO_PIC = NO;
				GCC_NO_COMMON_BLOCKS = YES;
				GCC_OPTIMIZATION_LEVEL = 0;
				GCC_PREPROCESSOR_DEFINITIONS = (
					"DEBUG=1",
					"$(inherited)",
				);
				GCC_WARN_64_TO_32_BIT_CONVERSION = YES;
				GCC_WARN_ABOUT_RETURN_TYPE = YES_ERROR;
				GCC_WARN_UNDECLARED_SELECTOR = YES;
				GCC_WARN_UNINITIALIZED_AUTOS = YES_AGGRESSIVE;
				GCC_WARN_UNUSED_FUNCTION = YES;
				GCC_WARN_UNUSED_VARIABLE = YES;
				IPHONEOS_DEPLOYMENT_TARGET = 14.4;
				MTL_ENABLE_DEBUG_INFO = INCLUDE_SOURCE;
				MTL_FAST_MATH = YES;
				ONLY_ACTIVE_ARCH = YES;
				SDKROOT = iphoneos;
				SWIFT_ACTIVE_COMPILATION_CONDITIONS = DEBUG;
				SWIFT_OPTIMIZATION_LEVEL = "-Onone";
			};
			name = Debug;
		};
		A0573057264C53B7007AB691 /* Release */ = {
			isa = XCBuildConfiguration;
			buildSettings = {
				ALWAYS_SEARCH_USER_PATHS = NO;
				CLANG_ANALYZER_NONNULL = YES;
				CLANG_ANALYZER_NUMBER_OBJECT_CONVERSION = YES_AGGRESSIVE;
				CLANG_CXX_LANGUAGE_STANDARD = "gnu++14";
				CLANG_CXX_LIBRARY = "libc++";
				CLANG_ENABLE_MODULES = YES;
				CLANG_ENABLE_OBJC_ARC = YES;
				CLANG_ENABLE_OBJC_WEAK = YES;
				CLANG_WARN_BLOCK_CAPTURE_AUTORELEASING = YES;
				CLANG_WARN_BOOL_CONVERSION = YES;
				CLANG_WARN_COMMA = YES;
				CLANG_WARN_CONSTANT_CONVERSION = YES;
				CLANG_WARN_DEPRECATED_OBJC_IMPLEMENTATIONS = YES;
				CLANG_WARN_DIRECT_OBJC_ISA_USAGE = YES_ERROR;
				CLANG_WARN_DOCUMENTATION_COMMENTS = YES;
				CLANG_WARN_EMPTY_BODY = YES;
				CLANG_WARN_ENUM_CONVERSION = YES;
				CLANG_WARN_INFINITE_RECURSION = YES;
				CLANG_WARN_INT_CONVERSION = YES;
				CLANG_WARN_NON_LITERAL_NULL_CONVERSION = YES;
				CLANG_WARN_OBJC_IMPLICIT_RETAIN_SELF = YES;
				CLANG_WARN_OBJC_LITERAL_CONVERSION = YES;
				CLANG_WARN_OBJC_ROOT_CLASS = YES_ERROR;
				CLANG_WARN_QUOTED_INCLUDE_IN_FRAMEWORK_HEADER = YES;
				CLANG_WARN_RANGE_LOOP_ANALYSIS = YES;
				CLANG_WARN_STRICT_PROTOTYPES = YES;
				CLANG_WARN_SUSPICIOUS_MOVE = YES;
				CLANG_WARN_UNGUARDED_AVAILABILITY = YES_AGGRESSIVE;
				CLANG_WARN_UNREACHABLE_CODE = YES;
				CLANG_WARN__DUPLICATE_METHOD_MATCH = YES;
				COPY_PHASE_STRIP = NO;
				DEBUG_INFORMATION_FORMAT = "dwarf-with-dsym";
				ENABLE_NS_ASSERTIONS = NO;
				ENABLE_STRICT_OBJC_MSGSEND = YES;
				GCC_C_LANGUAGE_STANDARD = gnu11;
				GCC_NO_COMMON_BLOCKS = YES;
				GCC_WARN_64_TO_32_BIT_CONVERSION = YES;
				GCC_WARN_ABOUT_RETURN_TYPE = YES_ERROR;
				GCC_WARN_UNDECLARED_SELECTOR = YES;
				GCC_WARN_UNINITIALIZED_AUTOS = YES_AGGRESSIVE;
				GCC_WARN_UNUSED_FUNCTION = YES;
				GCC_WARN_UNUSED_VARIABLE = YES;
				IPHONEOS_DEPLOYMENT_TARGET = 14.4;
				MTL_ENABLE_DEBUG_INFO = NO;
				MTL_FAST_MATH = YES;
				SDKROOT = iphoneos;
				SWIFT_COMPILATION_MODE = wholemodule;
				SWIFT_OPTIMIZATION_LEVEL = "-O";
				VALIDATE_PRODUCT = YES;
			};
			name = Release;
		};
		A0573059264C53B7007AB691 /* Debug */ = {
			isa = XCBuildConfiguration;
			buildSettings = {
				ASSETCATALOG_COMPILER_APPICON_NAME = AppIcon;
				ASSETCATALOG_COMPILER_GLOBAL_ACCENT_COLOR_NAME = AccentColor;
				CODE_SIGN_STYLE = Automatic;
				DEVELOPMENT_ASSET_PATHS = "\"Landmarks/Preview Content\"";
				DEVELOPMENT_TEAM = WAR455A93H;
				ENABLE_PREVIEWS = YES;
				INFOPLIST_FILE = Landmarks/Info.plist;
				IPHONEOS_DEPLOYMENT_TARGET = 14.0;
				LD_RUNPATH_SEARCH_PATHS = (
					"$(inherited)",
					"@executable_path/Frameworks",
				);
				PRODUCT_BUNDLE_IDENTIFIER = com.shotaakizuki.Landmarks;
				PRODUCT_NAME = "$(TARGET_NAME)";
				SWIFT_VERSION = 5.0;
				TARGETED_DEVICE_FAMILY = "1,2";
			};
			name = Debug;
		};
		A057305A264C53B7007AB691 /* Release */ = {
			isa = XCBuildConfiguration;
			buildSettings = {
				ASSETCATALOG_COMPILER_APPICON_NAME = AppIcon;
				ASSETCATALOG_COMPILER_GLOBAL_ACCENT_COLOR_NAME = AccentColor;
				CODE_SIGN_STYLE = Automatic;
				DEVELOPMENT_ASSET_PATHS = "\"Landmarks/Preview Content\"";
				DEVELOPMENT_TEAM = WAR455A93H;
				ENABLE_PREVIEWS = YES;
				INFOPLIST_FILE = Landmarks/Info.plist;
				IPHONEOS_DEPLOYMENT_TARGET = 14.0;
				LD_RUNPATH_SEARCH_PATHS = (
					"$(inherited)",
					"@executable_path/Frameworks",
				);
				PRODUCT_BUNDLE_IDENTIFIER = com.shotaakizuki.Landmarks;
				PRODUCT_NAME = "$(TARGET_NAME)";
				SWIFT_VERSION = 5.0;
				TARGETED_DEVICE_FAMILY = "1,2";
			};
			name = Release;
		};
/* End XCBuildConfiguration section */

/* Begin XCConfigurationList section */
		A0573044264C53B2007AB691 /* Build configuration list for PBXProject "Landmarks" */ = {
			isa = XCConfigurationList;
			buildConfigurations = (
				A0573056264C53B7007AB691 /* Debug */,
				A0573057264C53B7007AB691 /* Release */,
			);
			defaultConfigurationIsVisible = 0;
			defaultConfigurationName = Release;
		};
		A0573058264C53B7007AB691 /* Build configuration list for PBXNativeTarget "Landmarks" */ = {
			isa = XCConfigurationList;
			buildConfigurations = (
				A0573059264C53B7007AB691 /* Debug */,
				A057305A264C53B7007AB691 /* Release */,
			);
			defaultConfigurationIsVisible = 0;
			defaultConfigurationName = Release;
		};
/* End XCConfigurationList section */
	};
	rootObject = A0573041264C53B2007AB691 /* Project object */;
}
